// !$*UTF8*$!
{
	archiveVersion = 1;
	classes = {
	};
	objectVersion = 46;
	objects = {

/* Begin PBXBuildFile section */
		46FDC7F319C4B33900BD72F2 /* AppDelegate.swift in Sources */ = {isa = PBXBuildFile; fileRef = 46FDC7F219C4B33900BD72F2 /* AppDelegate.swift */; };
		46FDC7F519C4B33900BD72F2 /* ViewController.swift in Sources */ = {isa = PBXBuildFile; fileRef = 46FDC7F419C4B33900BD72F2 /* ViewController.swift */; };
		46FDC7F819C4B33900BD72F2 /* Main.storyboard in Resources */ = {isa = PBXBuildFile; fileRef = 46FDC7F619C4B33900BD72F2 /* Main.storyboard */; };
		46FDC7FA19C4B33900BD72F2 /* Images.xcassets in Resources */ = {isa = PBXBuildFile; fileRef = 46FDC7F919C4B33900BD72F2 /* Images.xcassets */; };
		46FDC80619C4B33900BD72F2 /* PostcardTests.swift in Sources */ = {isa = PBXBuildFile; fileRef = 46FDC80519C4B33900BD72F2 /* PostcardTests.swift */; };
		46FDC81119C4BDD400BD72F2 /* AlbertEinsteinStamp.jpg in Resources */ = {isa = PBXBuildFile; fileRef = 46FDC80F19C4BDD400BD72F2 /* AlbertEinsteinStamp.jpg */; };
		46FDC81219C4BDD400BD72F2 /* SagradaFamilia.jpeg in Resources */ = {isa = PBXBuildFile; fileRef = 46FDC81019C4BDD400BD72F2 /* SagradaFamilia.jpeg */; };
/* End PBXBuildFile section */

/* Begin PBXContainerItemProxy section */
		46FDC80019C4B33900BD72F2 /* PBXContainerItemProxy */ = {
			isa = PBXContainerItemProxy;
			containerPortal = 46FDC7E519C4B33900BD72F2 /* Project object */;
			proxyType = 1;
			remoteGlobalIDString = 46FDC7EC19C4B33900BD72F2;
			remoteInfo = Postcard;
		};
/* End PBXContainerItemProxy section */

/* Begin PBXFileReference section */
		46FDC7ED19C4B33900BD72F2 /* Postcard.app */ = {isa = PBXFileReference; explicitFileType = wrapper.application; includeInIndex = 0; path = Postcard.app; sourceTree = BUILT_PRODUCTS_DIR; };
		46FDC7F119C4B33900BD72F2 /* Info.plist */ = {isa = PBXFileReference; lastKnownFileType = text.plist.xml; path = Info.plist; sourceTree = "<group>"; };
		46FDC7F219C4B33900BD72F2 /* AppDelegate.swift */ = {isa = PBXFileReference; lastKnownFileType = sourcecode.swift; path = AppDelegate.swift; sourceTree = "<group>"; };
		46FDC7F419C4B33900BD72F2 /* ViewController.swift */ = {isa = PBXFileReference; lastKnownFileType = sourcecode.swift; path = ViewController.swift; sourceTree = "<group>"; };
		46FDC7F719C4B33900BD72F2 /* Base */ = {isa = PBXFileReference; lastKnownFileType = file.storyboard; name = Base; path = Base.lproj/Main.storyboard; sourceTree = "<group>"; };
		46FDC7F919C4B33900BD72F2 /* Images.xcassets */ = {isa = PBXFileReference; lastKnownFileType = folder.assetcatalog; path = Images.xcassets; sourceTree = "<group>"; };
		46FDC7FF19C4B33900BD72F2 /* PostcardTests.xctest */ = {isa = PBXFileReference; explicitFileType = wrapper.cfbundle; includeInIndex = 0; path = PostcardTests.xctest; sourceTree = BUILT_PRODUCTS_DIR; };
		46FDC80419C4B33900BD72F2 /* Info.plist */ = {isa = PBXFileReference; lastKnownFileType = text.plist.xml; path = Info.plist; sourceTree = "<group>"; };
		46FDC80519C4B33900BD72F2 /* PostcardTests.swift */ = {isa = PBXFileReference; lastKnownFileType = sourcecode.swift; path = PostcardTests.swift; sourceTree = "<group>"; };
		46FDC80F19C4BDD400BD72F2 /* AlbertEinsteinStamp.jpg */ = {isa = PBXFileReference; lastKnownFileType = image.jpeg; path = AlbertEinsteinStamp.jpg; sourceTree = "<group>"; };
		46FDC81019C4BDD400BD72F2 /* SagradaFamilia.jpeg */ = {isa = PBXFileReference; lastKnownFileType = image.jpeg; path = SagradaFamilia.jpeg; sourceTree = "<group>"; };
/* End PBXFileReference section */

/* Begin PBXFrameworksBuildPhase section */
		46FDC7EA19C4B33900BD72F2 /* Frameworks */ = {
			isa = PBXFrameworksBuildPhase;
			buildActionMask = 2147483647;
			files = (
			);
			runOnlyForDeploymentPostprocessing = 0;
		};
		46FDC7FC19C4B33900BD72F2 /* Frameworks */ = {
			isa = PBXFrameworksBuildPhase;
			buildActionMask = 2147483647;
			files = (
			);
			runOnlyForDeploymentPostprocessing = 0;
		};
/* End PBXFrameworksBuildPhase section */

/* Begin PBXGroup section */
		46FDC7E419C4B33900BD72F2 = {
			isa = PBXGroup;
			children = (
				46FDC7EF19C4B33900BD72F2 /* Postcard */,
				46FDC80219C4B33900BD72F2 /* PostcardTests */,
				46FDC7EE19C4B33900BD72F2 /* Products */,
			);
			sourceTree = "<group>";
		};
		46FDC7EE19C4B33900BD72F2 /* Products */ = {
			isa = PBXGroup;
			children = (
				46FDC7ED19C4B33900BD72F2 /* Postcard.app */,
				46FDC7FF19C4B33900BD72F2 /* PostcardTests.xctest */,
			);
			name = Products;
			sourceTree = "<group>";
		};
		46FDC7EF19C4B33900BD72F2 /* Postcard */ = {
			isa = PBXGroup;
			children = (
				46FDC7F219C4B33900BD72F2 /* AppDelegate.swift */,
				46FDC7F419C4B33900BD72F2 /* ViewController.swift */,
				46FDC7F619C4B33900BD72F2 /* Main.storyboard */,
				46FDC7F919C4B33900BD72F2 /* Images.xcassets */,
				46FDC7F019C4B33900BD72F2 /* Supporting Files */,
			);
			path = Postcard;
			sourceTree = "<group>";
		};
		46FDC7F019C4B33900BD72F2 /* Supporting Files */ = {
			isa = PBXGroup;
			children = (
				46FDC80F19C4BDD400BD72F2 /* AlbertEinsteinStamp.jpg */,
				46FDC81019C4BDD400BD72F2 /* SagradaFamilia.jpeg */,
				46FDC7F119C4B33900BD72F2 /* Info.plist */,
			);
			name = "Supporting Files";
			sourceTree = "<group>";
		};
		46FDC80219C4B33900BD72F2 /* PostcardTests */ = {
			isa = PBXGroup;
			children = (
				46FDC80519C4B33900BD72F2 /* PostcardTests.swift */,
				46FDC80319C4B33900BD72F2 /* Supporting Files */,
			);
			path = PostcardTests;
			sourceTree = "<group>";
		};
		46FDC80319C4B33900BD72F2 /* Supporting Files */ = {
			isa = PBXGroup;
			children = (
				46FDC80419C4B33900BD72F2 /* Info.plist */,
			);
			name = "Supporting Files";
			sourceTree = "<group>";
		};
/* End PBXGroup section */

/* Begin PBXNativeTarget section */
		46FDC7EC19C4B33900BD72F2 /* Postcard */ = {
			isa = PBXNativeTarget;
			buildConfigurationList = 46FDC80919C4B33900BD72F2 /* Build configuration list for PBXNativeTarget "Postcard" */;
			buildPhases = (
				46FDC7E919C4B33900BD72F2 /* Sources */,
				46FDC7EA19C4B33900BD72F2 /* Frameworks */,
				46FDC7EB19C4B33900BD72F2 /* Resources */,
			);
			buildRules = (
			);
			dependencies = (
			);
			name = Postcard;
			productName = Postcard;
			productReference = 46FDC7ED19C4B33900BD72F2 /* Postcard.app */;
			productType = "com.apple.product-type.application";
		};
		46FDC7FE19C4B33900BD72F2 /* PostcardTests */ = {
			isa = PBXNativeTarget;
			buildConfigurationList = 46FDC80C19C4B33900BD72F2 /* Build configuration list for PBXNativeTarget "PostcardTests" */;
			buildPhases = (
				46FDC7FB19C4B33900BD72F2 /* Sources */,
				46FDC7FC19C4B33900BD72F2 /* Frameworks */,
				46FDC7FD19C4B33900BD72F2 /* Resources */,
			);
			buildRules = (
			);
			dependencies = (
				46FDC80119C4B33900BD72F2 /* PBXTargetDependency */,
			);
			name = PostcardTests;
			productName = PostcardTests;
			productReference = 46FDC7FF19C4B33900BD72F2 /* PostcardTests.xctest */;
			productType = "com.apple.product-type.bundle.unit-test";
		};
/* End PBXNativeTarget section */

/* Begin PBXProject section */
		46FDC7E519C4B33900BD72F2 /* Project object */ = {
			isa = PBXProject;
			attributes = {
				LastUpgradeCheck = 0600;
				ORGANIZATIONNAME = "Sonia Rosa";
				TargetAttributes = {
					46FDC7EC19C4B33900BD72F2 = {
						CreatedOnToolsVersion = 6.0;
					};
					46FDC7FE19C4B33900BD72F2 = {
						CreatedOnToolsVersion = 6.0;
						TestTargetID = 46FDC7EC19C4B33900BD72F2;
					};
				};
			};
			buildConfigurationList = 46FDC7E819C4B33900BD72F2 /* Build configuration list for PBXProject "Postcard" */;
			compatibilityVersion = "Xcode 3.2";
			developmentRegion = English;
			hasScannedForEncodings = 0;
			knownRegions = (
				en,
				Base,
			);
			mainGroup = 46FDC7E419C4B33900BD72F2;
			productRefGroup = 46FDC7EE19C4B33900BD72F2 /* Products */;
			projectDirPath = "";
			projectRoot = "";
			targets = (
				46FDC7EC19C4B33900BD72F2 /* Postcard */,
				46FDC7FE19C4B33900BD72F2 /* PostcardTests */,
			);
		};
/* End PBXProject section */

/* Begin PBXResourcesBuildPhase section */
		46FDC7EB19C4B33900BD72F2 /* Resources */ = {
			isa = PBXResourcesBuildPhase;
			buildActionMask = 2147483647;
			files = (
				46FDC7F819C4B33900BD72F2 /* Main.storyboard in Resources */,
				46FDC81219C4BDD400BD72F2 /* SagradaFamilia.jpeg in Resources */,
				46FDC81119C4BDD400BD72F2 /* AlbertEinsteinStamp.jpg in Resources */,
				46FDC7FA19C4B33900BD72F2 /* Images.xcassets in Resources */,
			);
			runOnlyForDeploymentPostprocessing = 0;
		};
		46FDC7FD19C4B33900BD72F2 /* Resources */ = {
			isa = PBXResourcesBuildPhase;
			buildActionMask = 2147483647;
			files = (
			);
			runOnlyForDeploymentPostprocessing = 0;
		};
/* End PBXResourcesBuildPhase section */

/* Begin PBXSourcesBuildPhase section */
		46FDC7E919C4B33900BD72F2 /* Sources */ = {
			isa = PBXSourcesBuildPhase;
			buildActionMask = 2147483647;
			files = (
				46FDC7F519C4B33900BD72F2 /* ViewController.swift in Sources */,
				46FDC7F319C4B33900BD72F2 /* AppDelegate.swift in Sources */,
			);
			runOnlyForDeploymentPostprocessing = 0;
		};
		46FDC7FB19C4B33900BD72F2 /* Sources */ = {
			isa = PBXSourcesBuildPhase;
			buildActionMask = 2147483647;
			files = (
				46FDC80619C4B33900BD72F2 /* PostcardTests.swift in Sources */,
			);
			runOnlyForDeploymentPostprocessing = 0;
		};
/* End PBXSourcesBuildPhase section */

/* Begin PBXTargetDependency section */
		46FDC80119C4B33900BD72F2 /* PBXTargetDependency */ = {
			isa = PBXTargetDependency;
			target = 46FDC7EC19C4B33900BD72F2 /* Postcard */;
			targetProxy = 46FDC80019C4B33900BD72F2 /* PBXContainerItemProxy */;
		};
/* End PBXTargetDependency section */

/* Begin PBXVariantGroup section */
		46FDC7F619C4B33900BD72F2 /* Main.storyboard */ = {
			isa = PBXVariantGroup;
			children = (
				46FDC7F719C4B33900BD72F2 /* Base */,
			);
			name = Main.storyboard;
			sourceTree = "<group>";
		};
/* End PBXVariantGroup section */

/* Begin XCBuildConfiguration section */
		46FDC80719C4B33900BD72F2 /* Debug */ = {
			isa = XCBuildConfiguration;
			buildSettings = {
				ALWAYS_SEARCH_USER_PATHS = NO;
				CLANG_CXX_LANGUAGE_STANDARD = "gnu++0x";
				CLANG_CXX_LIBRARY = "libc++";
				CLANG_ENABLE_MODULES = YES;
				CLANG_ENABLE_OBJC_ARC = YES;
				CLANG_WARN_BOOL_CONVERSION = YES;
				CLANG_WARN_CONSTANT_CONVERSION = YES;
				CLANG_WARN_DIRECT_OBJC_ISA_USAGE = YES_ERROR;
				CLANG_WARN_EMPTY_BODY = YES;
				CLANG_WARN_ENUM_CONVERSION = YES;
				CLANG_WARN_INT_CONVERSION = YES;
				CLANG_WARN_OBJC_ROOT_CLASS = YES_ERROR;
				CLANG_WARN_UNREACHABLE_CODE = YES;
				CLANG_WARN__DUPLICATE_METHOD_MATCH = YES;
				"CODE_SIGN_IDENTITY[sdk=iphoneos*]" = "iPhone Developer";
				COPY_PHASE_STRIP = NO;
				ENABLE_STRICT_OBJC_MSGSEND = YES;
				GCC_C_LANGUAGE_STANDARD = gnu99;
				GCC_DYNAMIC_NO_PIC = NO;
				GCC_OPTIMIZATION_LEVEL = 0;
				GCC_PREPROCESSOR_DEFINITIONS = (
					"DEBUG=1",
					"$(inherited)",
				);
				GCC_SYMBOLS_PRIVATE_EXTERN = NO;
				GCC_WARN_64_TO_32_BIT_CONVERSION = YES;
				GCC_WARN_ABOUT_RETURN_TYPE = YES_ERROR;
				GCC_WARN_UNDECLARED_SELECTOR = YES;
				GCC_WARN_UNINITIALIZED_AUTOS = YES_AGGRESSIVE;
				GCC_WARN_UNUSED_FUNCTION = YES;
				GCC_WARN_UNUSED_VARIABLE = YES;
				IPHONEOS_DEPLOYMENT_TARGET = 8.0;
				MTL_ENABLE_DEBUG_INFO = YES;
				ONLY_ACTIVE_ARCH = YES;
				SDKROOT = iphoneos;
				SWIFT_OPTIMIZATION_LEVEL = "-Onone";
			};
			name = Debug;
		};
		46FDC80819C4B33900BD72F2 /* Release */ = {
			isa = XCBuildConfiguration;
			buildSettings = {
				ALWAYS_SEARCH_USER_PATHS = NO;
				CLANG_CXX_LANGUAGE_STANDARD = "gnu++0x";
				CLANG_CXX_LIBRARY = "libc++";
				CLANG_ENABLE_MODULES = YES;
				CLANG_ENABLE_OBJC_ARC = YES;
				CLANG_WARN_BOOL_CONVERSION = YES;
				CLANG_WARN_CONSTANT_CONVERSION = YES;
				CLANG_WARN_DIRECT_OBJC_ISA_USAGE = YES_ERROR;
				CLANG_WARN_EMPTY_BODY = YES;
				CLANG_WARN_ENUM_CONVERSION = YES;
				CLANG_WARN_INT_CONVERSION = YES;
				CLANG_WARN_OBJC_ROOT_CLASS = YES_ERROR;
				CLANG_WARN_UNREACHABLE_CODE = YES;
				CLANG_WARN__DUPLICATE_METHOD_MATCH = YES;
				"CODE_SIGN_IDENTITY[sdk=iphoneos*]" = "iPhone Developer";
				COPY_PHASE_STRIP = YES;
				ENABLE_NS_ASSERTIONS = NO;
				ENABLE_STRICT_OBJC_MSGSEND = YES;
				GCC_C_LANGUAGE_STANDARD = gnu99;
				GCC_WARN_64_TO_32_BIT_CONVERSION = YES;
				GCC_WARN_ABOUT_RETURN_TYPE = YES_ERROR;
				GCC_WARN_UNDECLARED_SELECTOR = YES;
				GCC_WARN_UNINITIALIZED_AUTOS = YES_AGGRESSIVE;
				GCC_WARN_UNUSED_FUNCTION = YES;
				GCC_WARN_UNUSED_VARIABLE = YES;
				IPHONEOS_DEPLOYMENT_TARGET = 8.0;
				MTL_ENABLE_DEBUG_INFO = NO;
				SDKROOT = iphoneos;
				VALIDATE_PRODUCT = YES;
			};
			name = Release;
		};
		46FDC80A19C4B33900BD72F2 /* Debug */ = {
			isa = XCBuildConfiguration;
			buildSettings = {
				ASSETCATALOG_COMPILER_APPICON_NAME = AppIcon;
				ASSETCATALOG_COMPILER_LAUNCHIMAGE_NAME = LaunchImage;
				INFOPLIST_FILE = Postcard/Info.plist;
				LD_RUNPATH_SEARCH_PATHS = "$(inherited) @executable_path/Frameworks";
				PRODUCT_NAME = "$(TARGET_NAME)";
			};
			name = Debug;
		};
		46FDC80B19C4B33900BD72F2 /* Release */ = {
			isa = XCBuildConfiguration;
			buildSettings = {
				ASSETCATALOG_COMPILER_APPICON_NAME = AppIcon;
				ASSETCATALOG_COMPILER_LAUNCHIMAGE_NAME = LaunchImage;
				INFOPLIST_FILE = Postcard/Info.plist;
				LD_RUNPATH_SEARCH_PATHS = "$(inherited) @executable_path/Frameworks";
				PRODUCT_NAME = "$(TARGET_NAME)";
			};
			name = Release;
		};
		46FDC80D19C4B33900BD72F2 /* Debug */ = {
			isa = XCBuildConfiguration;
			buildSettings = {
				BUNDLE_LOADER = "$(TEST_HOST)";
				FRAMEWORK_SEARCH_PATHS = (
					"$(SDKROOT)/Developer/Library/Frameworks",
					"$(inherited)",
				);
				GCC_PREPROCESSOR_DEFINITIONS = (
					"DEBUG=1",
					"$(inherited)",
				);
				INFOPLIST_FILE = PostcardTests/Info.plist;
				LD_RUNPATH_SEARCH_PATHS = "$(inherited) @executable_path/Frameworks @loader_path/Frameworks";
				PRODUCT_NAME = "$(TARGET_NAME)";
				TEST_HOST = "$(BUILT_PRODUCTS_DIR)/Postcard.app/Postcard";
			};
			name = Debug;
		};
		46FDC80E19C4B33900BD72F2 /* Release */ = {
			isa = XCBuildConfiguration;
			buildSettings = {
				BUNDLE_LOADER = "$(TEST_HOST)";
				FRAMEWORK_SEARCH_PATHS = (
					"$(SDKROOT)/Developer/Library/Frameworks",
					"$(inherited)",
				);
				INFOPLIST_FILE = PostcardTests/Info.plist;
				LD_RUNPATH_SEARCH_PATHS = "$(inherited) @executable_path/Frameworks @loader_path/Frameworks";
				PRODUCT_NAME = "$(TARGET_NAME)";
				TEST_HOST = "$(BUILT_PRODUCTS_DIR)/Postcard.app/Postcard";
			};
			name = Release;
		};
/* End XCBuildConfiguration section */

/* Begin XCConfigurationList section */
		46FDC7E819C4B33900BD72F2 /* Build configuration list for PBXProject "Postcard" */ = {
			isa = XCConfigurationList;
			buildConfigurations = (
				46FDC80719C4B33900BD72F2 /* Debug */,
				46FDC80819C4B33900BD72F2 /* Release */,
			);
			defaultConfigurationIsVisible = 0;
			defaultConfigurationName = Release;
		};
		46FDC80919C4B33900BD72F2 /* Build configuration list for PBXNativeTarget "Postcard" */ = {
			isa = XCConfigurationList;
			buildConfigurations = (
				46FDC80A19C4B33900BD72F2 /* Debug */,
				46FDC80B19C4B33900BD72F2 /* Release */,
			);
			defaultConfigurationIsVisible = 0;
		};
		46FDC80C19C4B33900BD72F2 /* Build configuration list for PBXNativeTarget "PostcardTests" */ = {
			isa = XCConfigurationList;
			buildConfigurations = (
				46FDC80D19C4B33900BD72F2 /* Debug */,
				46FDC80E19C4B33900BD72F2 /* Release */,
			);
			defaultConfigurationIsVisible = 0;
		};
/* End XCConfigurationList section */
	};
	rootObject = 46FDC7E519C4B33900BD72F2 /* Project object */;
}
